
Microsoft Visual Studio Solution File, Format Version 12.00
# Visual Studio Version 16
VisualStudioVersion = 16.0.29609.76
MinimumVisualStudioVersion = 10.0.40219.1
Project("{F184B08F-C81C-45F6-A57F-5ABD9991F28F}") = "ByteniZ3R", "ByteniZ3R.vbproj", "{5532F7A5-E0E4-4CFA-A99F-8417599E65EA}"
EndProject
Global
	GlobalSection(SolutionConfigurationPlatforms) = preSolution
		Debug|Any CPU = Debug|Any CPU
		Release|Any CPU = Release|Any CPU
	EndGlobalSection
	GlobalSection(ProjectConfigurationPlatforms) = postSolution
		{5532F7A5-E0E4-4CFA-A99F-8417599E65EA}.Debug|Any CPU.ActiveCfg = Debug|Any CPU
		{5532F7A5-E0E4-4CFA-A99F-8417599E65EA}.Debug|Any CPU.Build.0 = Debug|Any CPU
		{5532F7A5-E0E4-4CFA-A99F-8417599E65EA}.Release|Any CPU.ActiveCfg = Release|Any CPU
		{5532F7A5-E0E4-4CFA-A99F-8417599E65EA}.Release|Any CPU.Build.0 = Release|Any CPU
	EndGlobalSection
	GlobalSection(SolutionProperties) = preSolution
		HideSolutionNode = FALSE
	EndGlobalSection
	GlobalSection(ExtensibilityGlobals) = postSolution
		SolutionGuid = {AD4808C1-6D65-48A0-9499-6FCC2DA3583A}
	EndGlobalSection
EndGlobal
